
Microsoft Visual Studio Solution File, Format Version 12.00
# Visual Studio 15
VisualStudioVersion = 15.0.27428.2015
MinimumVisualStudioVersion = 10.0.40219.1
Project("{FAE04EC0-301F-11D3-BF4B-00C04F79EFBC}") = "blackJack", "blackJack\blackJack.csproj", "{7D7DE843-9339-43A0-A251-274CB8AF5A82}"
EndProject
Project("{FAE04EC0-301F-11D3-BF4B-00C04F79EFBC}") = "Casino", "Casino\Casino.csproj", "{DE506B63-4B65-415A-9ED0-51832DA201DF}"
	ProjectSection(ProjectDependencies) = postProject
		{7D7DE843-9339-43A0-A251-274CB8AF5A82} = {7D7DE843-9339-43A0-A251-274CB8AF5A82}
	EndProjectSection
EndProject
Global
	GlobalSection(SolutionConfigurationPlatforms) = preSolution
		Debug|Any CPU = Debug|Any CPU
		Release|Any CPU = Release|Any CPU
	EndGlobalSection
	GlobalSection(ProjectConfigurationPlatforms) = postSolution
		{7D7DE843-9339-43A0-A251-274CB8AF5A82}.Debug|Any CPU.ActiveCfg = Debug|Any CPU
		{7D7DE843-9339-43A0-A251-274CB8AF5A82}.Debug|Any CPU.Build.0 = Debug|Any CPU
		{7D7DE843-9339-43A0-A251-274CB8AF5A82}.Release|Any CPU.ActiveCfg = Release|Any CPU
		{7D7DE843-9339-43A0-A251-274CB8AF5A82}.Release|Any CPU.Build.0 = Release|Any CPU
		{DE506B63-4B65-415A-9ED0-51832DA201DF}.Debug|Any CPU.ActiveCfg = Debug|Any CPU
		{DE506B63-4B65-415A-9ED0-51832DA201DF}.Debug|Any CPU.Build.0 = Debug|Any CPU
		{DE506B63-4B65-415A-9ED0-51832DA201DF}.Release|Any CPU.ActiveCfg = Release|Any CPU
		{DE506B63-4B65-415A-9ED0-51832DA201DF}.Release|Any CPU.Build.0 = Release|Any CPU
	EndGlobalSection
	GlobalSection(SolutionProperties) = preSolution
		HideSolutionNode = FALSE
	EndGlobalSection
	GlobalSection(ExtensibilityGlobals) = postSolution
		SolutionGuid = {EF9D7C43-63BC-406B-8D73-D4005B43837E}
	EndGlobalSection
EndGlobal
